
Microsoft Visual Studio Solution File, Format Version 11.00
# Visual Studio 2010
Project("{FAE04EC0-301F-11D3-BF4B-00C04F79EFBC}") = "ShareXmod", "ShareX\ShareXmod.csproj", "{C5AE4585-E9EC-4FA3-B75A-E1210635ACB6}"
EndProject
Project("{FAE04EC0-301F-11D3-BF4B-00C04F79EFBC}") = "Greenshot", "Lib\Greenshot\Greenshot.csproj", "{CD642BF4-D815-4D67-A0B5-C69F0B8231AF}"
EndProject
Project("{FAE04EC0-301F-11D3-BF4B-00C04F79EFBC}") = "GreenshotPlugin", "Lib\GreenshotPlugin\GreenshotPlugin.csproj", "{5B924697-4DCD-4F98-85F1-105CB84B7341}"
EndProject
Project("{FAE04EC0-301F-11D3-BF4B-00C04F79EFBC}") = "HelpersLib.Hotkeys2", "HelpersLib.Hotkeys2\HelpersLib.Hotkeys2.csproj", "{B791C0EF-7DFD-4F2B-B004-91F7344EE146}"
EndProject
Project("{FAE04EC0-301F-11D3-BF4B-00C04F79EFBC}") = "IndexersLib", "IndexersLib\IndexersLib.csproj", "{47CD5EEF-C12D-4CEA-B88A-3AFAEC6DDAD8}"
EndProject
Project("{FAE04EC0-301F-11D3-BF4B-00C04F79EFBC}") = "HelpersLib", "HelpersLib\HelpersLib.csproj", "{327750E1-9FB7-4CC3-8AEA-9BC42180CAD3}"
EndProject
Project("{FAE04EC0-301F-11D3-BF4B-00C04F79EFBC}") = "HistoryLib", "HistoryLib\HistoryLib.csproj", "{E7DE6237-AEA2-498B-8F56-9B392472C490}"
EndProject
Project("{FAE04EC0-301F-11D3-BF4B-00C04F79EFBC}") = "ScreenCapture", "ScreenCapture\ScreenCapture.csproj", "{DBDB0DAA-B3AE-4CC4-A8C2-20550B7F32E3}"
EndProject
Project("{FAE04EC0-301F-11D3-BF4B-00C04F79EFBC}") = "ScreenCapture.Shapes", "ScreenCapture.Shapes\ScreenCapture.Shapes.csproj", "{7F53BD0C-1BBD-416C-89CE-3FF39D4D3414}"
EndProject
Project("{FAE04EC0-301F-11D3-BF4B-00C04F79EFBC}") = "UploadersLib", "UploadersLib\UploadersLib.csproj", "{E1C94415-3424-4517-A2A1-B2FDD1F59C67}"
EndProject
Project("{FAE04EC0-301F-11D3-BF4B-00C04F79EFBC}") = "HelpersLib.GraphicsHelper", "HelpersLib.GraphicsHelper\HelpersLib.GraphicsHelper.csproj", "{39CBF608-D7E7-405B-BCB4-A316BB76B562}"
EndProject
Project("{FAE04EC0-301F-11D3-BF4B-00C04F79EFBC}") = "ImageEffects.IPlugin", "ImageEffects.IPlugin\ImageEffects.IPlugin.csproj", "{D13441B6-96E1-4D1B-8A95-58A7D6CB1E24}"
EndProject
Project("{FAE04EC0-301F-11D3-BF4B-00C04F79EFBC}") = "ImageEffects.Plugin.Adjustments", "ImageEffects.Plugin.Adjustments\ImageEffects.Plugin.Adjustments.csproj", "{878D628F-3E95-45D4-B4E3-47388CD767EC}"
EndProject
Project("{FAE04EC0-301F-11D3-BF4B-00C04F79EFBC}") = "ImageEffects.Plugin.Filters", "ImageEffects.Plugin.Filters\ImageEffects.Plugin.Filters.csproj", "{FD1E967F-F653-4B4A-B0B0-C0DD892EA4CA}"
EndProject
Project("{FAE04EC0-301F-11D3-BF4B-00C04F79EFBC}") = "ImageEffects.Plugin.Manipulations", "ImageEffects.Plugin.Manipulations\ImageEffects.Plugin.Manipulations.csproj", "{EA9CA8EB-9173-4EAB-8174-5BD7E5166206}"
EndProject
Global
	GlobalSection(SolutionConfigurationPlatforms) = preSolution
		Debug|Any CPU = Debug|Any CPU
		Release|Any CPU = Release|Any CPU
	EndGlobalSection
	GlobalSection(ProjectConfigurationPlatforms) = postSolution
		{C5AE4585-E9EC-4FA3-B75A-E1210635ACB6}.Debug|Any CPU.ActiveCfg = Debug|Any CPU
		{C5AE4585-E9EC-4FA3-B75A-E1210635ACB6}.Debug|Any CPU.Build.0 = Debug|Any CPU
		{C5AE4585-E9EC-4FA3-B75A-E1210635ACB6}.Release|Any CPU.ActiveCfg = Release|Any CPU
		{C5AE4585-E9EC-4FA3-B75A-E1210635ACB6}.Release|Any CPU.Build.0 = Release|Any CPU
		{CD642BF4-D815-4D67-A0B5-C69F0B8231AF}.Debug|Any CPU.ActiveCfg = Debug|Any CPU
		{CD642BF4-D815-4D67-A0B5-C69F0B8231AF}.Debug|Any CPU.Build.0 = Debug|Any CPU
		{CD642BF4-D815-4D67-A0B5-C69F0B8231AF}.Release|Any CPU.ActiveCfg = Release|Any CPU
		{CD642BF4-D815-4D67-A0B5-C69F0B8231AF}.Release|Any CPU.Build.0 = Release|Any CPU
		{5B924697-4DCD-4F98-85F1-105CB84B7341}.Debug|Any CPU.ActiveCfg = Debug|Any CPU
		{5B924697-4DCD-4F98-85F1-105CB84B7341}.Debug|Any CPU.Build.0 = Debug|Any CPU
		{5B924697-4DCD-4F98-85F1-105CB84B7341}.Release|Any CPU.ActiveCfg = Release|Any CPU
		{5B924697-4DCD-4F98-85F1-105CB84B7341}.Release|Any CPU.Build.0 = Release|Any CPU
		{B791C0EF-7DFD-4F2B-B004-91F7344EE146}.Debug|Any CPU.ActiveCfg = Debug|Any CPU
		{B791C0EF-7DFD-4F2B-B004-91F7344EE146}.Debug|Any CPU.Build.0 = Debug|Any CPU
		{B791C0EF-7DFD-4F2B-B004-91F7344EE146}.Release|Any CPU.ActiveCfg = Release|Any CPU
		{B791C0EF-7DFD-4F2B-B004-91F7344EE146}.Release|Any CPU.Build.0 = Release|Any CPU
		{47CD5EEF-C12D-4CEA-B88A-3AFAEC6DDAD8}.Debug|Any CPU.ActiveCfg = Debug|Any CPU
		{47CD5EEF-C12D-4CEA-B88A-3AFAEC6DDAD8}.Debug|Any CPU.Build.0 = Debug|Any CPU
		{47CD5EEF-C12D-4CEA-B88A-3AFAEC6DDAD8}.Release|Any CPU.ActiveCfg = Release|Any CPU
		{47CD5EEF-C12D-4CEA-B88A-3AFAEC6DDAD8}.Release|Any CPU.Build.0 = Release|Any CPU
		{327750E1-9FB7-4CC3-8AEA-9BC42180CAD3}.Debug|Any CPU.ActiveCfg = Debug|Any CPU
		{327750E1-9FB7-4CC3-8AEA-9BC42180CAD3}.Debug|Any CPU.Build.0 = Debug|Any CPU
		{327750E1-9FB7-4CC3-8AEA-9BC42180CAD3}.Release|Any CPU.ActiveCfg = Release|Any CPU
		{327750E1-9FB7-4CC3-8AEA-9BC42180CAD3}.Release|Any CPU.Build.0 = Release|Any CPU
		{E7DE6237-AEA2-498B-8F56-9B392472C490}.Debug|Any CPU.ActiveCfg = Debug|Any CPU
		{E7DE6237-AEA2-498B-8F56-9B392472C490}.Debug|Any CPU.Build.0 = Debug|Any CPU
		{E7DE6237-AEA2-498B-8F56-9B392472C490}.Release|Any CPU.ActiveCfg = Release|Any CPU
		{E7DE6237-AEA2-498B-8F56-9B392472C490}.Release|Any CPU.Build.0 = Release|Any CPU
		{DBDB0DAA-B3AE-4CC4-A8C2-20550B7F32E3}.Debug|Any CPU.ActiveCfg = Debug|Any CPU
		{DBDB0DAA-B3AE-4CC4-A8C2-20550B7F32E3}.Debug|Any CPU.Build.0 = Debug|Any CPU
		{DBDB0DAA-B3AE-4CC4-A8C2-20550B7F32E3}.Release|Any CPU.ActiveCfg = Release|Any CPU
		{DBDB0DAA-B3AE-4CC4-A8C2-20550B7F32E3}.Release|Any CPU.Build.0 = Release|Any CPU
		{7F53BD0C-1BBD-416C-89CE-3FF39D4D3414}.Debug|Any CPU.ActiveCfg = Debug|Any CPU
		{7F53BD0C-1BBD-416C-89CE-3FF39D4D3414}.Debug|Any CPU.Build.0 = Debug|Any CPU
		{7F53BD0C-1BBD-416C-89CE-3FF39D4D3414}.Release|Any CPU.ActiveCfg = Release|Any CPU
		{7F53BD0C-1BBD-416C-89CE-3FF39D4D3414}.Release|Any CPU.Build.0 = Release|Any CPU
		{E1C94415-3424-4517-A2A1-B2FDD1F59C67}.Debug|Any CPU.ActiveCfg = Debug|Any CPU
		{E1C94415-3424-4517-A2A1-B2FDD1F59C67}.Debug|Any CPU.Build.0 = Debug|Any CPU
		{E1C94415-3424-4517-A2A1-B2FDD1F59C67}.Release|Any CPU.ActiveCfg = Release|Any CPU
		{E1C94415-3424-4517-A2A1-B2FDD1F59C67}.Release|Any CPU.Build.0 = Release|Any CPU
		{39CBF608-D7E7-405B-BCB4-A316BB76B562}.Debug|Any CPU.ActiveCfg = Debug|Any CPU
		{39CBF608-D7E7-405B-BCB4-A316BB76B562}.Debug|Any CPU.Build.0 = Debug|Any CPU
		{39CBF608-D7E7-405B-BCB4-A316BB76B562}.Release|Any CPU.ActiveCfg = Release|Any CPU
		{39CBF608-D7E7-405B-BCB4-A316BB76B562}.Release|Any CPU.Build.0 = Release|Any CPU
		{D13441B6-96E1-4D1B-8A95-58A7D6CB1E24}.Debug|Any CPU.ActiveCfg = Debug|Any CPU
		{D13441B6-96E1-4D1B-8A95-58A7D6CB1E24}.Debug|Any CPU.Build.0 = Debug|Any CPU
		{D13441B6-96E1-4D1B-8A95-58A7D6CB1E24}.Release|Any CPU.ActiveCfg = Release|Any CPU
		{D13441B6-96E1-4D1B-8A95-58A7D6CB1E24}.Release|Any CPU.Build.0 = Release|Any CPU
		{878D628F-3E95-45D4-B4E3-47388CD767EC}.Debug|Any CPU.ActiveCfg = Debug|Any CPU
		{878D628F-3E95-45D4-B4E3-47388CD767EC}.Debug|Any CPU.Build.0 = Debug|Any CPU
		{878D628F-3E95-45D4-B4E3-47388CD767EC}.Release|Any CPU.ActiveCfg = Release|Any CPU
		{878D628F-3E95-45D4-B4E3-47388CD767EC}.Release|Any CPU.Build.0 = Release|Any CPU
		{FD1E967F-F653-4B4A-B0B0-C0DD892EA4CA}.Debug|Any CPU.ActiveCfg = Debug|Any CPU
		{FD1E967F-F653-4B4A-B0B0-C0DD892EA4CA}.Debug|Any CPU.Build.0 = Debug|Any CPU
		{FD1E967F-F653-4B4A-B0B0-C0DD892EA4CA}.Release|Any CPU.ActiveCfg = Release|Any CPU
		{FD1E967F-F653-4B4A-B0B0-C0DD892EA4CA}.Release|Any CPU.Build.0 = Release|Any CPU
		{EA9CA8EB-9173-4EAB-8174-5BD7E5166206}.Debug|Any CPU.ActiveCfg = Debug|Any CPU
		{EA9CA8EB-9173-4EAB-8174-5BD7E5166206}.Debug|Any CPU.Build.0 = Debug|Any CPU
		{EA9CA8EB-9173-4EAB-8174-5BD7E5166206}.Release|Any CPU.ActiveCfg = Release|Any CPU
		{EA9CA8EB-9173-4EAB-8174-5BD7E5166206}.Release|Any CPU.Build.0 = Release|Any CPU
	EndGlobalSection
	GlobalSection(SolutionProperties) = preSolution
		HideSolutionNode = FALSE
	EndGlobalSection
EndGlobal
