
Microsoft Visual Studio Solution File, Format Version 12.00
# Visual Studio 2012
Project("{FAE04EC0-301F-11D3-BF4B-00C04F79EFBC}") = "ShareXmod", "ShareX\ShareXmod.csproj", "{C5AE4585-E9EC-4FA3-B75A-E1210635ACB6}"
	ProjectSection(ProjectDependencies) = postProject
		{327750E1-9FB7-4CC3-8AEA-9BC42180CAD3} = {327750E1-9FB7-4CC3-8AEA-9BC42180CAD3}
	EndProjectSection
EndProject
Project("{FAE04EC0-301F-11D3-BF4B-00C04F79EFBC}") = "IndexersLib", "IndexersLib\IndexersLib.csproj", "{47CD5EEF-C12D-4CEA-B88A-3AFAEC6DDAD8}"
EndProject
Project("{FAE04EC0-301F-11D3-BF4B-00C04F79EFBC}") = "HistoryLib", "..\..\ShareX\trunk\HistoryLib\HistoryLib.csproj", "{E7DE6237-AEA2-498B-8F56-9B392472C490}"
EndProject
Project("{FAE04EC0-301F-11D3-BF4B-00C04F79EFBC}") = "HelpersLib.GraphicsHelper", "HelpersLib.GraphicsHelper\HelpersLib.GraphicsHelper.csproj", "{39CBF608-D7E7-405B-BCB4-A316BB76B562}"
EndProject
Project("{FAE04EC0-301F-11D3-BF4B-00C04F79EFBC}") = "ImageEffects.IPlugin", "ImageEffects.IPlugin\ImageEffects.IPlugin.csproj", "{D13441B6-96E1-4D1B-8A95-58A7D6CB1E24}"
EndProject
Project("{FAE04EC0-301F-11D3-BF4B-00C04F79EFBC}") = "ImageEffects.Plugin.Adjustments", "ImageEffects.Plugin.Adjustments\ImageEffects.Plugin.Adjustments.csproj", "{878D628F-3E95-45D4-B4E3-47388CD767EC}"
EndProject
Project("{FAE04EC0-301F-11D3-BF4B-00C04F79EFBC}") = "ImageEffects.Plugin.Filters", "ImageEffects.Plugin.Filters\ImageEffects.Plugin.Filters.csproj", "{FD1E967F-F653-4B4A-B0B0-C0DD892EA4CA}"
EndProject
Project("{FAE04EC0-301F-11D3-BF4B-00C04F79EFBC}") = "ImageEffects.Plugin.Manipulations", "ImageEffects.Plugin.Manipulations\ImageEffects.Plugin.Manipulations.csproj", "{EA9CA8EB-9173-4EAB-8174-5BD7E5166206}"
EndProject
Project("{FAE04EC0-301F-11D3-BF4B-00C04F79EFBC}") = "HelpersLib.Hotkeys2", "HelpersLib.Hotkeys2\HelpersLib.Hotkeys2.csproj", "{B791C0EF-7DFD-4F2B-B004-91F7344EE146}"
EndProject
Project("{FAE04EC0-301F-11D3-BF4B-00C04F79EFBC}") = "HelpersLibMod", "HelpersLibMod\HelpersLibMod.csproj", "{A08691C6-5437-4E7B-8C8B-B576F7CE1B57}"
EndProject
Project("{FAE04EC0-301F-11D3-BF4B-00C04F79EFBC}") = "HelpersLib", "..\..\ShareX\trunk\HelpersLib\HelpersLib.csproj", "{327750E1-9FB7-4CC3-8AEA-9BC42180CAD3}"
EndProject
Project("{FAE04EC0-301F-11D3-BF4B-00C04F79EFBC}") = "ScreenCapture", "..\..\ShareX\trunk\ScreenCapture\ScreenCapture.csproj", "{DBDB0DAA-B3AE-4CC4-A8C2-20550B7F32E3}"
EndProject
Project("{FAE04EC0-301F-11D3-BF4B-00C04F79EFBC}") = "UploadersLib", "..\..\ShareX\trunk\UploadersLib\UploadersLib.csproj", "{E1C94415-3424-4517-A2A1-B2FDD1F59C67}"
EndProject
Project("{FAE04EC0-301F-11D3-BF4B-00C04F79EFBC}") = "UploadersLibMod", "UploadersLibMod\UploadersLibMod.csproj", "{8E90666D-0921-41A3-A30C-52166C402404}"
EndProject
Project("{FAE04EC0-301F-11D3-BF4B-00C04F79EFBC}") = "GreenshotImageEditor", "..\..\ShareX\trunk\GreenshotImageEditor\GreenshotImageEditor.csproj", "{CD642BF4-D815-4D67-A0B5-C69F0B8231AF}"
EndProject
Project("{FAE04EC0-301F-11D3-BF4B-00C04F79EFBC}") = "ShareXmodHelper", "ShareXmodHelper\ShareXmodHelper.csproj", "{74B9D39B-DA57-45EE-8E53-F4826795BFA8}"
EndProject
Global
	GlobalSection(SolutionConfigurationPlatforms) = preSolution
		Debug|Any CPU = Debug|Any CPU
		Debug|x86 = Debug|x86
		Release|Any CPU = Release|Any CPU
		Release|x86 = Release|x86
	EndGlobalSection
	GlobalSection(ProjectConfigurationPlatforms) = postSolution
		{C5AE4585-E9EC-4FA3-B75A-E1210635ACB6}.Debug|Any CPU.ActiveCfg = Debug|Any CPU
		{C5AE4585-E9EC-4FA3-B75A-E1210635ACB6}.Debug|Any CPU.Build.0 = Debug|Any CPU
		{C5AE4585-E9EC-4FA3-B75A-E1210635ACB6}.Debug|x86.ActiveCfg = Debug|Any CPU
		{C5AE4585-E9EC-4FA3-B75A-E1210635ACB6}.Release|Any CPU.ActiveCfg = Release|Any CPU
		{C5AE4585-E9EC-4FA3-B75A-E1210635ACB6}.Release|Any CPU.Build.0 = Release|Any CPU
		{C5AE4585-E9EC-4FA3-B75A-E1210635ACB6}.Release|x86.ActiveCfg = Release|Any CPU
		{47CD5EEF-C12D-4CEA-B88A-3AFAEC6DDAD8}.Debug|Any CPU.ActiveCfg = Debug|Any CPU
		{47CD5EEF-C12D-4CEA-B88A-3AFAEC6DDAD8}.Debug|Any CPU.Build.0 = Debug|Any CPU
		{47CD5EEF-C12D-4CEA-B88A-3AFAEC6DDAD8}.Debug|x86.ActiveCfg = Debug|Any CPU
		{47CD5EEF-C12D-4CEA-B88A-3AFAEC6DDAD8}.Release|Any CPU.ActiveCfg = Release|Any CPU
		{47CD5EEF-C12D-4CEA-B88A-3AFAEC6DDAD8}.Release|Any CPU.Build.0 = Release|Any CPU
		{47CD5EEF-C12D-4CEA-B88A-3AFAEC6DDAD8}.Release|x86.ActiveCfg = Release|Any CPU
		{E7DE6237-AEA2-498B-8F56-9B392472C490}.Debug|Any CPU.ActiveCfg = Debug|Any CPU
		{E7DE6237-AEA2-498B-8F56-9B392472C490}.Debug|Any CPU.Build.0 = Debug|Any CPU
		{E7DE6237-AEA2-498B-8F56-9B392472C490}.Debug|x86.ActiveCfg = Debug|Any CPU
		{E7DE6237-AEA2-498B-8F56-9B392472C490}.Release|Any CPU.ActiveCfg = Release|Any CPU
		{E7DE6237-AEA2-498B-8F56-9B392472C490}.Release|Any CPU.Build.0 = Release|Any CPU
		{E7DE6237-AEA2-498B-8F56-9B392472C490}.Release|x86.ActiveCfg = Release|Any CPU
		{39CBF608-D7E7-405B-BCB4-A316BB76B562}.Debug|Any CPU.ActiveCfg = Debug|Any CPU
		{39CBF608-D7E7-405B-BCB4-A316BB76B562}.Debug|Any CPU.Build.0 = Debug|Any CPU
		{39CBF608-D7E7-405B-BCB4-A316BB76B562}.Debug|x86.ActiveCfg = Debug|Any CPU
		{39CBF608-D7E7-405B-BCB4-A316BB76B562}.Release|Any CPU.ActiveCfg = Release|Any CPU
		{39CBF608-D7E7-405B-BCB4-A316BB76B562}.Release|Any CPU.Build.0 = Release|Any CPU
		{39CBF608-D7E7-405B-BCB4-A316BB76B562}.Release|x86.ActiveCfg = Release|Any CPU
		{D13441B6-96E1-4D1B-8A95-58A7D6CB1E24}.Debug|Any CPU.ActiveCfg = Debug|Any CPU
		{D13441B6-96E1-4D1B-8A95-58A7D6CB1E24}.Debug|Any CPU.Build.0 = Debug|Any CPU
		{D13441B6-96E1-4D1B-8A95-58A7D6CB1E24}.Debug|x86.ActiveCfg = Debug|x86
		{D13441B6-96E1-4D1B-8A95-58A7D6CB1E24}.Debug|x86.Build.0 = Debug|x86
		{D13441B6-96E1-4D1B-8A95-58A7D6CB1E24}.Release|Any CPU.ActiveCfg = Release|Any CPU
		{D13441B6-96E1-4D1B-8A95-58A7D6CB1E24}.Release|Any CPU.Build.0 = Release|Any CPU
		{D13441B6-96E1-4D1B-8A95-58A7D6CB1E24}.Release|x86.ActiveCfg = Release|x86
		{D13441B6-96E1-4D1B-8A95-58A7D6CB1E24}.Release|x86.Build.0 = Release|x86
		{878D628F-3E95-45D4-B4E3-47388CD767EC}.Debug|Any CPU.ActiveCfg = Debug|Any CPU
		{878D628F-3E95-45D4-B4E3-47388CD767EC}.Debug|Any CPU.Build.0 = Debug|Any CPU
		{878D628F-3E95-45D4-B4E3-47388CD767EC}.Debug|x86.ActiveCfg = Debug|Any CPU
		{878D628F-3E95-45D4-B4E3-47388CD767EC}.Release|Any CPU.ActiveCfg = Release|Any CPU
		{878D628F-3E95-45D4-B4E3-47388CD767EC}.Release|Any CPU.Build.0 = Release|Any CPU
		{878D628F-3E95-45D4-B4E3-47388CD767EC}.Release|x86.ActiveCfg = Release|Any CPU
		{FD1E967F-F653-4B4A-B0B0-C0DD892EA4CA}.Debug|Any CPU.ActiveCfg = Debug|Any CPU
		{FD1E967F-F653-4B4A-B0B0-C0DD892EA4CA}.Debug|Any CPU.Build.0 = Debug|Any CPU
		{FD1E967F-F653-4B4A-B0B0-C0DD892EA4CA}.Debug|x86.ActiveCfg = Debug|Any CPU
		{FD1E967F-F653-4B4A-B0B0-C0DD892EA4CA}.Release|Any CPU.ActiveCfg = Release|Any CPU
		{FD1E967F-F653-4B4A-B0B0-C0DD892EA4CA}.Release|Any CPU.Build.0 = Release|Any CPU
		{FD1E967F-F653-4B4A-B0B0-C0DD892EA4CA}.Release|x86.ActiveCfg = Release|Any CPU
		{EA9CA8EB-9173-4EAB-8174-5BD7E5166206}.Debug|Any CPU.ActiveCfg = Debug|Any CPU
		{EA9CA8EB-9173-4EAB-8174-5BD7E5166206}.Debug|Any CPU.Build.0 = Debug|Any CPU
		{EA9CA8EB-9173-4EAB-8174-5BD7E5166206}.Debug|x86.ActiveCfg = Debug|Any CPU
		{EA9CA8EB-9173-4EAB-8174-5BD7E5166206}.Release|Any CPU.ActiveCfg = Release|Any CPU
		{EA9CA8EB-9173-4EAB-8174-5BD7E5166206}.Release|Any CPU.Build.0 = Release|Any CPU
		{EA9CA8EB-9173-4EAB-8174-5BD7E5166206}.Release|x86.ActiveCfg = Release|Any CPU
		{B791C0EF-7DFD-4F2B-B004-91F7344EE146}.Debug|Any CPU.ActiveCfg = Debug|Any CPU
		{B791C0EF-7DFD-4F2B-B004-91F7344EE146}.Debug|Any CPU.Build.0 = Debug|Any CPU
		{B791C0EF-7DFD-4F2B-B004-91F7344EE146}.Debug|x86.ActiveCfg = Debug|Any CPU
		{B791C0EF-7DFD-4F2B-B004-91F7344EE146}.Release|Any CPU.ActiveCfg = Release|Any CPU
		{B791C0EF-7DFD-4F2B-B004-91F7344EE146}.Release|Any CPU.Build.0 = Release|Any CPU
		{B791C0EF-7DFD-4F2B-B004-91F7344EE146}.Release|x86.ActiveCfg = Release|Any CPU
		{A08691C6-5437-4E7B-8C8B-B576F7CE1B57}.Debug|Any CPU.ActiveCfg = Debug|Any CPU
		{A08691C6-5437-4E7B-8C8B-B576F7CE1B57}.Debug|Any CPU.Build.0 = Debug|Any CPU
		{A08691C6-5437-4E7B-8C8B-B576F7CE1B57}.Debug|x86.ActiveCfg = Debug|Any CPU
		{A08691C6-5437-4E7B-8C8B-B576F7CE1B57}.Release|Any CPU.ActiveCfg = Release|Any CPU
		{A08691C6-5437-4E7B-8C8B-B576F7CE1B57}.Release|Any CPU.Build.0 = Release|Any CPU
		{A08691C6-5437-4E7B-8C8B-B576F7CE1B57}.Release|x86.ActiveCfg = Release|Any CPU
		{327750E1-9FB7-4CC3-8AEA-9BC42180CAD3}.Debug|Any CPU.ActiveCfg = Debug|Any CPU
		{327750E1-9FB7-4CC3-8AEA-9BC42180CAD3}.Debug|Any CPU.Build.0 = Debug|Any CPU
		{327750E1-9FB7-4CC3-8AEA-9BC42180CAD3}.Debug|x86.ActiveCfg = Debug|Any CPU
		{327750E1-9FB7-4CC3-8AEA-9BC42180CAD3}.Release|Any CPU.ActiveCfg = Release|Any CPU
		{327750E1-9FB7-4CC3-8AEA-9BC42180CAD3}.Release|Any CPU.Build.0 = Release|Any CPU
		{327750E1-9FB7-4CC3-8AEA-9BC42180CAD3}.Release|Any CPU.Deploy.0 = Release|Any CPU
		{327750E1-9FB7-4CC3-8AEA-9BC42180CAD3}.Release|x86.ActiveCfg = Release|Any CPU
		{DBDB0DAA-B3AE-4CC4-A8C2-20550B7F32E3}.Debug|Any CPU.ActiveCfg = Debug|Any CPU
		{DBDB0DAA-B3AE-4CC4-A8C2-20550B7F32E3}.Debug|Any CPU.Build.0 = Debug|Any CPU
		{DBDB0DAA-B3AE-4CC4-A8C2-20550B7F32E3}.Debug|x86.ActiveCfg = Debug|Any CPU
		{DBDB0DAA-B3AE-4CC4-A8C2-20550B7F32E3}.Release|Any CPU.ActiveCfg = Release|Any CPU
		{DBDB0DAA-B3AE-4CC4-A8C2-20550B7F32E3}.Release|Any CPU.Build.0 = Release|Any CPU
		{DBDB0DAA-B3AE-4CC4-A8C2-20550B7F32E3}.Release|x86.ActiveCfg = Release|Any CPU
		{E1C94415-3424-4517-A2A1-B2FDD1F59C67}.Debug|Any CPU.ActiveCfg = Debug|Any CPU
		{E1C94415-3424-4517-A2A1-B2FDD1F59C67}.Debug|Any CPU.Build.0 = Debug|Any CPU
		{E1C94415-3424-4517-A2A1-B2FDD1F59C67}.Debug|x86.ActiveCfg = Debug|Any CPU
		{E1C94415-3424-4517-A2A1-B2FDD1F59C67}.Release|Any CPU.ActiveCfg = Release|Any CPU
		{E1C94415-3424-4517-A2A1-B2FDD1F59C67}.Release|Any CPU.Build.0 = Release|Any CPU
		{E1C94415-3424-4517-A2A1-B2FDD1F59C67}.Release|x86.ActiveCfg = Release|Any CPU
		{8E90666D-0921-41A3-A30C-52166C402404}.Debug|Any CPU.ActiveCfg = Debug|Any CPU
		{8E90666D-0921-41A3-A30C-52166C402404}.Debug|Any CPU.Build.0 = Debug|Any CPU
		{8E90666D-0921-41A3-A30C-52166C402404}.Debug|x86.ActiveCfg = Debug|Any CPU
		{8E90666D-0921-41A3-A30C-52166C402404}.Release|Any CPU.ActiveCfg = Release|Any CPU
		{8E90666D-0921-41A3-A30C-52166C402404}.Release|Any CPU.Build.0 = Release|Any CPU
		{8E90666D-0921-41A3-A30C-52166C402404}.Release|x86.ActiveCfg = Release|Any CPU
		{CD642BF4-D815-4D67-A0B5-C69F0B8231AF}.Debug|Any CPU.ActiveCfg = Debug|Any CPU
		{CD642BF4-D815-4D67-A0B5-C69F0B8231AF}.Debug|Any CPU.Build.0 = Debug|Any CPU
		{CD642BF4-D815-4D67-A0B5-C69F0B8231AF}.Debug|x86.ActiveCfg = Debug|x86
		{CD642BF4-D815-4D67-A0B5-C69F0B8231AF}.Debug|x86.Build.0 = Debug|x86
		{CD642BF4-D815-4D67-A0B5-C69F0B8231AF}.Release|Any CPU.ActiveCfg = Release|Any CPU
		{CD642BF4-D815-4D67-A0B5-C69F0B8231AF}.Release|Any CPU.Build.0 = Release|Any CPU
		{CD642BF4-D815-4D67-A0B5-C69F0B8231AF}.Release|x86.ActiveCfg = Release|x86
		{CD642BF4-D815-4D67-A0B5-C69F0B8231AF}.Release|x86.Build.0 = Release|x86
		{74B9D39B-DA57-45EE-8E53-F4826795BFA8}.Debug|Any CPU.ActiveCfg = Debug|Any CPU
		{74B9D39B-DA57-45EE-8E53-F4826795BFA8}.Debug|Any CPU.Build.0 = Debug|Any CPU
		{74B9D39B-DA57-45EE-8E53-F4826795BFA8}.Debug|x86.ActiveCfg = Debug|Any CPU
		{74B9D39B-DA57-45EE-8E53-F4826795BFA8}.Release|Any CPU.ActiveCfg = Release|Any CPU
		{74B9D39B-DA57-45EE-8E53-F4826795BFA8}.Release|Any CPU.Build.0 = Release|Any CPU
		{74B9D39B-DA57-45EE-8E53-F4826795BFA8}.Release|x86.ActiveCfg = Release|Any CPU
	EndGlobalSection
	GlobalSection(SolutionProperties) = preSolution
		HideSolutionNode = FALSE
	EndGlobalSection
EndGlobal
